// !$*UTF8*$!
{
	archiveVersion = 1;
	classes = {
	};
	objectVersion = 46;
	objects = {

/* Begin PBXBuildFile section */
		2B0B936F1ACB0CF7005D7144 /* main.m in Sources */ = {isa = PBXBuildFile; fileRef = 2B0B936E1ACB0CF7005D7144 /* main.m */; };
		2B0B93721ACB0CF7005D7144 /* AppDelegate.m in Sources */ = {isa = PBXBuildFile; fileRef = 2B0B93711ACB0CF7005D7144 /* AppDelegate.m */; };
		2B0B93751ACB0CF7005D7144 /* Recipes.xcdatamodeld in Sources */ = {isa = PBXBuildFile; fileRef = 2B0B93731ACB0CF7005D7144 /* Recipes.xcdatamodeld */; };
		2B0B93781ACB0CF7005D7144 /* ViewController.m in Sources */ = {isa = PBXBuildFile; fileRef = 2B0B93771ACB0CF7005D7144 /* ViewController.m */; };
		2B0B937B1ACB0CF7005D7144 /* Main.storyboard in Resources */ = {isa = PBXBuildFile; fileRef = 2B0B93791ACB0CF7005D7144 /* Main.storyboard */; };
		2B0B937D1ACB0CF7005D7144 /* Images.xcassets in Resources */ = {isa = PBXBuildFile; fileRef = 2B0B937C1ACB0CF7005D7144 /* Images.xcassets */; };
		2B0B93801ACB0CF7005D7144 /* LaunchScreen.xib in Resources */ = {isa = PBXBuildFile; fileRef = 2B0B937E1ACB0CF7005D7144 /* LaunchScreen.xib */; };
		2B0B938C1ACB0CF7005D7144 /* RecipesTests.m in Sources */ = {isa = PBXBuildFile; fileRef = 2B0B938B1ACB0CF7005D7144 /* RecipesTests.m */; };
		2BB3687D1AE4448400A35DE0 /* Cell.m in Sources */ = {isa = PBXBuildFile; fileRef = 2BB3687C1AE4448400A35DE0 /* Cell.m */; };
		2BB368801AE4456400A35DE0 /* CollectionViewLayout.m in Sources */ = {isa = PBXBuildFile; fileRef = 2BB3687F1AE4456400A35DE0 /* CollectionViewLayout.m */; };
/* End PBXBuildFile section */

/* Begin PBXContainerItemProxy section */
		2B0B93861ACB0CF7005D7144 /* PBXContainerItemProxy */ = {
			isa = PBXContainerItemProxy;
			containerPortal = 2B0B93611ACB0CF7005D7144 /* Project object */;
			proxyType = 1;
			remoteGlobalIDString = 2B0B93681ACB0CF7005D7144;
			remoteInfo = Recipes;
		};
/* End PBXContainerItemProxy section */

/* Begin PBXFileReference section */
		2B0B93691ACB0CF7005D7144 /* Recipes.app */ = {isa = PBXFileReference; explicitFileType = wrapper.application; includeInIndex = 0; path = Recipes.app; sourceTree = BUILT_PRODUCTS_DIR; };
		2B0B936D1ACB0CF7005D7144 /* Info.plist */ = {isa = PBXFileReference; lastKnownFileType = text.plist.xml; path = Info.plist; sourceTree = "<group>"; };
		2B0B936E1ACB0CF7005D7144 /* main.m */ = {isa = PBXFileReference; lastKnownFileType = sourcecode.c.objc; path = main.m; sourceTree = "<group>"; };
		2B0B93701ACB0CF7005D7144 /* AppDelegate.h */ = {isa = PBXFileReference; lastKnownFileType = sourcecode.c.h; path = AppDelegate.h; sourceTree = "<group>"; };
		2B0B93711ACB0CF7005D7144 /* AppDelegate.m */ = {isa = PBXFileReference; lastKnownFileType = sourcecode.c.objc; path = AppDelegate.m; sourceTree = "<group>"; };
		2B0B93741ACB0CF7005D7144 /* Recipes.xcdatamodel */ = {isa = PBXFileReference; lastKnownFileType = wrapper.xcdatamodel; path = Recipes.xcdatamodel; sourceTree = "<group>"; };
		2B0B93761ACB0CF7005D7144 /* ViewController.h */ = {isa = PBXFileReference; lastKnownFileType = sourcecode.c.h; path = ViewController.h; sourceTree = "<group>"; };
		2B0B93771ACB0CF7005D7144 /* ViewController.m */ = {isa = PBXFileReference; lastKnownFileType = sourcecode.c.objc; path = ViewController.m; sourceTree = "<group>"; };
		2B0B937A1ACB0CF7005D7144 /* Base */ = {isa = PBXFileReference; lastKnownFileType = file.storyboard; name = Base; path = Base.lproj/Main.storyboard; sourceTree = "<group>"; };
		2B0B937C1ACB0CF7005D7144 /* Images.xcassets */ = {isa = PBXFileReference; lastKnownFileType = folder.assetcatalog; path = Images.xcassets; sourceTree = "<group>"; };
		2B0B937F1ACB0CF7005D7144 /* Base */ = {isa = PBXFileReference; lastKnownFileType = file.xib; name = Base; path = Base.lproj/LaunchScreen.xib; sourceTree = "<group>"; };
		2B0B93851ACB0CF7005D7144 /* RecipesTests.xctest */ = {isa = PBXFileReference; explicitFileType = wrapper.cfbundle; includeInIndex = 0; path = RecipesTests.xctest; sourceTree = BUILT_PRODUCTS_DIR; };
		2B0B938A1ACB0CF7005D7144 /* Info.plist */ = {isa = PBXFileReference; lastKnownFileType = text.plist.xml; path = Info.plist; sourceTree = "<group>"; };
		2B0B938B1ACB0CF7005D7144 /* RecipesTests.m */ = {isa = PBXFileReference; lastKnownFileType = sourcecode.c.objc; path = RecipesTests.m; sourceTree = "<group>"; };
		2BB3687B1AE4448400A35DE0 /* Cell.h */ = {isa = PBXFileReference; fileEncoding = 4; lastKnownFileType = sourcecode.c.h; path = Cell.h; sourceTree = "<group>"; };
		2BB3687C1AE4448400A35DE0 /* Cell.m */ = {isa = PBXFileReference; fileEncoding = 4; lastKnownFileType = sourcecode.c.objc; path = Cell.m; sourceTree = "<group>"; };
		2BB3687E1AE4456400A35DE0 /* CollectionViewLayout.h */ = {isa = PBXFileReference; fileEncoding = 4; lastKnownFileType = sourcecode.c.h; path = CollectionViewLayout.h; sourceTree = "<group>"; };
		2BB3687F1AE4456400A35DE0 /* CollectionViewLayout.m */ = {isa = PBXFileReference; fileEncoding = 4; lastKnownFileType = sourcecode.c.objc; path = CollectionViewLayout.m; sourceTree = "<group>"; };
/* End PBXFileReference section */

/* Begin PBXFrameworksBuildPhase section */
		2B0B93661ACB0CF7005D7144 /* Frameworks */ = {
			isa = PBXFrameworksBuildPhase;
			buildActionMask = 2147483647;
			files = (
			);
			runOnlyForDeploymentPostprocessing = 0;
		};
		2B0B93821ACB0CF7005D7144 /* Frameworks */ = {
			isa = PBXFrameworksBuildPhase;
			buildActionMask = 2147483647;
			files = (
			);
			runOnlyForDeploymentPostprocessing = 0;
		};
/* End PBXFrameworksBuildPhase section */

/* Begin PBXGroup section */
		2B0B93601ACB0CF7005D7144 = {
			isa = PBXGroup;
			children = (
				2B0B936B1ACB0CF7005D7144 /* Recipes */,
				2B0B93881ACB0CF7005D7144 /* RecipesTests */,
				2B0B936A1ACB0CF7005D7144 /* Products */,
			);
			sourceTree = "<group>";
		};
		2B0B936A1ACB0CF7005D7144 /* Products */ = {
			isa = PBXGroup;
			children = (
				2B0B93691ACB0CF7005D7144 /* Recipes.app */,
				2B0B93851ACB0CF7005D7144 /* RecipesTests.xctest */,
			);
			name = Products;
			sourceTree = "<group>";
		};
		2B0B936B1ACB0CF7005D7144 /* Recipes */ = {
			isa = PBXGroup;
			children = (
				2B0B93701ACB0CF7005D7144 /* AppDelegate.h */,
				2B0B93711ACB0CF7005D7144 /* AppDelegate.m */,
				2B0B93761ACB0CF7005D7144 /* ViewController.h */,
				2B0B93771ACB0CF7005D7144 /* ViewController.m */,
				2BB3687B1AE4448400A35DE0 /* Cell.h */,
				2BB3687C1AE4448400A35DE0 /* Cell.m */,
				2BB3687E1AE4456400A35DE0 /* CollectionViewLayout.h */,
				2BB3687F1AE4456400A35DE0 /* CollectionViewLayout.m */,
				2B0B93791ACB0CF7005D7144 /* Main.storyboard */,
				2B0B937C1ACB0CF7005D7144 /* Images.xcassets */,
				2B0B937E1ACB0CF7005D7144 /* LaunchScreen.xib */,
				2B0B93731ACB0CF7005D7144 /* Recipes.xcdatamodeld */,
				2B0B936C1ACB0CF7005D7144 /* Supporting Files */,
			);
			path = Recipes;
			sourceTree = "<group>";
		};
		2B0B936C1ACB0CF7005D7144 /* Supporting Files */ = {
			isa = PBXGroup;
			children = (
				2B0B936D1ACB0CF7005D7144 /* Info.plist */,
				2B0B936E1ACB0CF7005D7144 /* main.m */,
			);
			name = "Supporting Files";
			sourceTree = "<group>";
		};
		2B0B93881ACB0CF7005D7144 /* RecipesTests */ = {
			isa = PBXGroup;
			children = (
				2B0B938B1ACB0CF7005D7144 /* RecipesTests.m */,
				2B0B93891ACB0CF7005D7144 /* Supporting Files */,
			);
			path = RecipesTests;
			sourceTree = "<group>";
		};
		2B0B93891ACB0CF7005D7144 /* Supporting Files */ = {
			isa = PBXGroup;
			children = (
				2B0B938A1ACB0CF7005D7144 /* Info.plist */,
			);
			name = "Supporting Files";
			sourceTree = "<group>";
		};
/* End PBXGroup section */

/* Begin PBXNativeTarget section */
		2B0B93681ACB0CF7005D7144 /* Recipes */ = {
			isa = PBXNativeTarget;
			buildConfigurationList = 2B0B938F1ACB0CF7005D7144 /* Build configuration list for PBXNativeTarget "Recipes" */;
			buildPhases = (
				2B0B93651ACB0CF7005D7144 /* Sources */,
				2B0B93661ACB0CF7005D7144 /* Frameworks */,
				2B0B93671ACB0CF7005D7144 /* Resources */,
			);
			buildRules = (
			);
			dependencies = (
			);
			name = Recipes;
			productName = Recipes;
			productReference = 2B0B93691ACB0CF7005D7144 /* Recipes.app */;
			productType = "com.apple.product-type.application";
		};
		2B0B93841ACB0CF7005D7144 /* RecipesTests */ = {
			isa = PBXNativeTarget;
			buildConfigurationList = 2B0B93921ACB0CF7005D7144 /* Build configuration list for PBXNativeTarget "RecipesTests" */;
			buildPhases = (
				2B0B93811ACB0CF7005D7144 /* Sources */,
				2B0B93821ACB0CF7005D7144 /* Frameworks */,
				2B0B93831ACB0CF7005D7144 /* Resources */,
			);
			buildRules = (
			);
			dependencies = (
				2B0B93871ACB0CF7005D7144 /* PBXTargetDependency */,
			);
			name = RecipesTests;
			productName = RecipesTests;
			productReference = 2B0B93851ACB0CF7005D7144 /* RecipesTests.xctest */;
			productType = "com.apple.product-type.bundle.unit-test";
		};
/* End PBXNativeTarget section */

/* Begin PBXProject section */
		2B0B93611ACB0CF7005D7144 /* Project object */ = {
			isa = PBXProject;
			attributes = {
				LastUpgradeCheck = 0610;
				ORGANIZATIONNAME = mmp001;
				TargetAttributes = {
					2B0B93681ACB0CF7005D7144 = {
						CreatedOnToolsVersion = 6.1.1;
					};
					2B0B93841ACB0CF7005D7144 = {
						CreatedOnToolsVersion = 6.1.1;
						TestTargetID = 2B0B93681ACB0CF7005D7144;
					};
				};
			};
			buildConfigurationList = 2B0B93641ACB0CF7005D7144 /* Build configuration list for PBXProject "Recipes" */;
			compatibilityVersion = "Xcode 3.2";
			developmentRegion = English;
			hasScannedForEncodings = 0;
			knownRegions = (
				en,
				Base,
			);
			mainGroup = 2B0B93601ACB0CF7005D7144;
			productRefGroup = 2B0B936A1ACB0CF7005D7144 /* Products */;
			projectDirPath = "";
			projectRoot = "";
			targets = (
				2B0B93681ACB0CF7005D7144 /* Recipes */,
				2B0B93841ACB0CF7005D7144 /* RecipesTests */,
			);
		};
/* End PBXProject section */

/* Begin PBXResourcesBuildPhase section */
		2B0B93671ACB0CF7005D7144 /* Resources */ = {
			isa = PBXResourcesBuildPhase;
			buildActionMask = 2147483647;
			files = (
				2B0B937B1ACB0CF7005D7144 /* Main.storyboard in Resources */,
				2B0B93801ACB0CF7005D7144 /* LaunchScreen.xib in Resources */,
				2B0B937D1ACB0CF7005D7144 /* Images.xcassets in Resources */,
			);
			runOnlyForDeploymentPostprocessing = 0;
		};
		2B0B93831ACB0CF7005D7144 /* Resources */ = {
			isa = PBXResourcesBuildPhase;
			buildActionMask = 2147483647;
			files = (
			);
			runOnlyForDeploymentPostprocessing = 0;
		};
/* End PBXResourcesBuildPhase section */

/* Begin PBXSourcesBuildPhase section */
		2B0B93651ACB0CF7005D7144 /* Sources */ = {
			isa = PBXSourcesBuildPhase;
			buildActionMask = 2147483647;
			files = (
				2BB3687D1AE4448400A35DE0 /* Cell.m in Sources */,
				2B0B93721ACB0CF7005D7144 /* AppDelegate.m in Sources */,
				2B0B936F1ACB0CF7005D7144 /* main.m in Sources */,
				2B0B93781ACB0CF7005D7144 /* ViewController.m in Sources */,
				2BB368801AE4456400A35DE0 /* CollectionViewLayout.m in Sources */,
				2B0B93751ACB0CF7005D7144 /* Recipes.xcdatamodeld in Sources */,
			);
			runOnlyForDeploymentPostprocessing = 0;
		};
		2B0B93811ACB0CF7005D7144 /* Sources */ = {
			isa = PBXSourcesBuildPhase;
			buildActionMask = 2147483647;
			files = (
				2B0B938C1ACB0CF7005D7144 /* RecipesTests.m in Sources */,
			);
			runOnlyForDeploymentPostprocessing = 0;
		};
/* End PBXSourcesBuildPhase section */

/* Begin PBXTargetDependency section */
		2B0B93871ACB0CF7005D7144 /* PBXTargetDependency */ = {
			isa = PBXTargetDependency;
			target = 2B0B93681ACB0CF7005D7144 /* Recipes */;
			targetProxy = 2B0B93861ACB0CF7005D7144 /* PBXContainerItemProxy */;
		};
/* End PBXTargetDependency section */

/* Begin PBXVariantGroup section */
		2B0B93791ACB0CF7005D7144 /* Main.storyboard */ = {
			isa = PBXVariantGroup;
			children = (
				2B0B937A1ACB0CF7005D7144 /* Base */,
			);
			name = Main.storyboard;
			sourceTree = "<group>";
		};
		2B0B937E1ACB0CF7005D7144 /* LaunchScreen.xib */ = {
			isa = PBXVariantGroup;
			children = (
				2B0B937F1ACB0CF7005D7144 /* Base */,
			);
			name = LaunchScreen.xib;
			sourceTree = "<group>";
		};
/* End PBXVariantGroup section */

/* Begin XCBuildConfiguration section */
		2B0B938D1ACB0CF7005D7144 /* Debug */ = {
			isa = XCBuildConfiguration;
			buildSettings = {
				ALWAYS_SEARCH_USER_PATHS = NO;
				CLANG_CXX_LANGUAGE_STANDARD = "gnu++0x";
				CLANG_CXX_LIBRARY = "libc++";
				CLANG_ENABLE_MODULES = YES;
				CLANG_ENABLE_OBJC_ARC = YES;
				CLANG_WARN_BOOL_CONVERSION = YES;
				CLANG_WARN_CONSTANT_CONVERSION = YES;
				CLANG_WARN_DIRECT_OBJC_ISA_USAGE = YES_ERROR;
				CLANG_WARN_EMPTY_BODY = YES;
				CLANG_WARN_ENUM_CONVERSION = YES;
				CLANG_WARN_INT_CONVERSION = YES;
				CLANG_WARN_OBJC_ROOT_CLASS = YES_ERROR;
				CLANG_WARN_UNREACHABLE_CODE = YES;
				CLANG_WARN__DUPLICATE_METHOD_MATCH = YES;
				"CODE_SIGN_IDENTITY[sdk=iphoneos*]" = "iPhone Developer";
				COPY_PHASE_STRIP = NO;
				ENABLE_STRICT_OBJC_MSGSEND = YES;
				GCC_C_LANGUAGE_STANDARD = gnu99;
				GCC_DYNAMIC_NO_PIC = NO;
				GCC_OPTIMIZATION_LEVEL = 0;
				GCC_PREPROCESSOR_DEFINITIONS = (
					"DEBUG=1",
					"$(inherited)",
				);
				GCC_SYMBOLS_PRIVATE_EXTERN = NO;
				GCC_WARN_64_TO_32_BIT_CONVERSION = YES;
				GCC_WARN_ABOUT_RETURN_TYPE = YES_ERROR;
				GCC_WARN_UNDECLARED_SELECTOR = YES;
				GCC_WARN_UNINITIALIZED_AUTOS = YES_AGGRESSIVE;
				GCC_WARN_UNUSED_FUNCTION = YES;
				GCC_WARN_UNUSED_VARIABLE = YES;
				IPHONEOS_DEPLOYMENT_TARGET = 8.1;
				MTL_ENABLE_DEBUG_INFO = YES;
				ONLY_ACTIVE_ARCH = YES;
				SDKROOT = iphoneos;
				TARGETED_DEVICE_FAMILY = 2;
			};
			name = Debug;
		};
		2B0B938E1ACB0CF7005D7144 /* Release */ = {
			isa = XCBuildConfiguration;
			buildSettings = {
				ALWAYS_SEARCH_USER_PATHS = NO;
				CLANG_CXX_LANGUAGE_STANDARD = "gnu++0x";
				CLANG_CXX_LIBRARY = "libc++";
				CLANG_ENABLE_MODULES = YES;
				CLANG_ENABLE_OBJC_ARC = YES;
				CLANG_WARN_BOOL_CONVERSION = YES;
				CLANG_WARN_CONSTANT_CONVERSION = YES;
				CLANG_WARN_DIRECT_OBJC_ISA_USAGE = YES_ERROR;
				CLANG_WARN_EMPTY_BODY = YES;
				CLANG_WARN_ENUM_CONVERSION = YES;
				CLANG_WARN_INT_CONVERSION = YES;
				CLANG_WARN_OBJC_ROOT_CLASS = YES_ERROR;
				CLANG_WARN_UNREACHABLE_CODE = YES;
				CLANG_WARN__DUPLICATE_METHOD_MATCH = YES;
				"CODE_SIGN_IDENTITY[sdk=iphoneos*]" = "iPhone Developer";
				COPY_PHASE_STRIP = YES;
				ENABLE_NS_ASSERTIONS = NO;
				ENABLE_STRICT_OBJC_MSGSEND = YES;
				GCC_C_LANGUAGE_STANDARD = gnu99;
				GCC_WARN_64_TO_32_BIT_CONVERSION = YES;
				GCC_WARN_ABOUT_RETURN_TYPE = YES_ERROR;
				GCC_WARN_UNDECLARED_SELECTOR = YES;
				GCC_WARN_UNINITIALIZED_AUTOS = YES_AGGRESSIVE;
				GCC_WARN_UNUSED_FUNCTION = YES;
				GCC_WARN_UNUSED_VARIABLE = YES;
				IPHONEOS_DEPLOYMENT_TARGET = 8.1;
				MTL_ENABLE_DEBUG_INFO = NO;
				SDKROOT = iphoneos;
				TARGETED_DEVICE_FAMILY = 2;
				VALIDATE_PRODUCT = YES;
			};
			name = Release;
		};
		2B0B93901ACB0CF7005D7144 /* Debug */ = {
			isa = XCBuildConfiguration;
			buildSettings = {
				ASSETCATALOG_COMPILER_APPICON_NAME = AppIcon;
				INFOPLIST_FILE = Recipes/Info.plist;
				LD_RUNPATH_SEARCH_PATHS = "$(inherited) @executable_path/Frameworks";
				PRODUCT_NAME = "$(TARGET_NAME)";
			};
			name = Debug;
		};
		2B0B93911ACB0CF7005D7144 /* Release */ = {
			isa = XCBuildConfiguration;
			buildSettings = {
				ASSETCATALOG_COMPILER_APPICON_NAME = AppIcon;
				INFOPLIST_FILE = Recipes/Info.plist;
				LD_RUNPATH_SEARCH_PATHS = "$(inherited) @executable_path/Frameworks";
				PRODUCT_NAME = "$(TARGET_NAME)";
			};
			name = Release;
		};
		2B0B93931ACB0CF7005D7144 /* Debug */ = {
			isa = XCBuildConfiguration;
			buildSettings = {
				BUNDLE_LOADER = "$(TEST_HOST)";
				FRAMEWORK_SEARCH_PATHS = (
					"$(SDKROOT)/Developer/Library/Frameworks",
					"$(inherited)",
				);
				GCC_PREPROCESSOR_DEFINITIONS = (
					"DEBUG=1",
					"$(inherited)",
				);
				INFOPLIST_FILE = RecipesTests/Info.plist;
				LD_RUNPATH_SEARCH_PATHS = "$(inherited) @executable_path/Frameworks @loader_path/Frameworks";
				PRODUCT_NAME = "$(TARGET_NAME)";
				TEST_HOST = "$(BUILT_PRODUCTS_DIR)/Recipes.app/Recipes";
			};
			name = Debug;
		};
		2B0B93941ACB0CF7005D7144 /* Release */ = {
			isa = XCBuildConfiguration;
			buildSettings = {
				BUNDLE_LOADER = "$(TEST_HOST)";
				FRAMEWORK_SEARCH_PATHS = (
					"$(SDKROOT)/Developer/Library/Frameworks",
					"$(inherited)",
				);
				INFOPLIST_FILE = RecipesTests/Info.plist;
				LD_RUNPATH_SEARCH_PATHS = "$(inherited) @executable_path/Frameworks @loader_path/Frameworks";
				PRODUCT_NAME = "$(TARGET_NAME)";
				TEST_HOST = "$(BUILT_PRODUCTS_DIR)/Recipes.app/Recipes";
			};
			name = Release;
		};
/* End XCBuildConfiguration section */

/* Begin XCConfigurationList section */
		2B0B93641ACB0CF7005D7144 /* Build configuration list for PBXProject "Recipes" */ = {
			isa = XCConfigurationList;
			buildConfigurations = (
				2B0B938D1ACB0CF7005D7144 /* Debug */,
				2B0B938E1ACB0CF7005D7144 /* Release */,
			);
			defaultConfigurationIsVisible = 0;
			defaultConfigurationName = Release;
		};
		2B0B938F1ACB0CF7005D7144 /* Build configuration list for PBXNativeTarget "Recipes" */ = {
			isa = XCConfigurationList;
			buildConfigurations = (
				2B0B93901ACB0CF7005D7144 /* Debug */,
				2B0B93911ACB0CF7005D7144 /* Release */,
			);
			defaultConfigurationIsVisible = 0;
			defaultConfigurationName = Release;
		};
		2B0B93921ACB0CF7005D7144 /* Build configuration list for PBXNativeTarget "RecipesTests" */ = {
			isa = XCConfigurationList;
			buildConfigurations = (
				2B0B93931ACB0CF7005D7144 /* Debug */,
				2B0B93941ACB0CF7005D7144 /* Release */,
			);
			defaultConfigurationIsVisible = 0;
			defaultConfigurationName = Release;
		};
/* End XCConfigurationList section */

/* Begin XCVersionGroup section */
		2B0B93731ACB0CF7005D7144 /* Recipes.xcdatamodeld */ = {
			isa = XCVersionGroup;
			children = (
				2B0B93741ACB0CF7005D7144 /* Recipes.xcdatamodel */,
			);
			currentVersion = 2B0B93741ACB0CF7005D7144 /* Recipes.xcdatamodel */;
			path = Recipes.xcdatamodeld;
			sourceTree = "<group>";
			versionGroupType = wrapper.xcdatamodel;
		};
/* End XCVersionGroup section */
	};
	rootObject = 2B0B93611ACB0CF7005D7144 /* Project object */;
}
